version = 1
revision = 2
requires-python = ">=3.12"

[[package]]
name = "jlconnor-github-io"
version = "0.2.0"
source = { editable = "." }
dependencies = [
    { name = "mistune" },
    { name = "pygments" },
]

[package.metadata]
requires-dist = [
    { name = "mistune", specifier = ">=3.1.0" },
    { name = "pygments", specifier = ">=2.19.1" },
]

[[package]]
name = "mistune"
version = "3.1.3"
source = { registry = "https://pypi.org/simple" }
sdist = { url = "https://files.pythonhosted.org/packages/c4/79/bda47f7dd7c3c55770478d6d02c9960c430b0cf1773b72366ff89126ea31/mistune-3.1.3.tar.gz", hash = "sha256:a7035c21782b2becb6be62f8f25d3df81ccb4d6fa477a6525b15af06539f02a0", size = 94347, upload-time = "2025-03-19T14:27:24.955Z" }
wheels = [
    { url = "https://files.pythonhosted.org/packages/01/4d/23c4e4f09da849e127e9f123241946c23c1e30f45a88366879e064211815/mistune-3.1.3-py3-none-any.whl", hash = "sha256:1a32314113cff28aa6432e99e522677c8587fd83e3d51c29b82a52409c842bd9", size = 53410, upload-time = "2025-03-19T14:27:23.451Z" },
]

[[package]]
name = "pygments"
version = "2.19.1"
source = { registry = "https://pypi.org/simple" }
sdist = { url = "https://files.pythonhosted.org/packages/7c/2d/c3338d48ea6cc0feb8446d8e6937e1408088a72a39937982cc6111d17f84/pygments-2.19.1.tar.gz", hash = "sha256:61c16d2a8576dc0649d9f39e089b5f02bcd27fba10d8fb4dcc28173f7a45151f", size = 4968581, upload-time = "2025-01-06T17:26:30.443Z" }
wheels = [
    { url = "https://files.pythonhosted.org/packages/8a/0b/9fcc47d19c48b59121088dd6da2488a49d5f72dacf8262e2790a1d2c7d15/pygments-2.19.1-py3-none-any.whl", hash = "sha256:9ea1544ad55cecf4b8242fab6dd35a93bbce657034b0611ee383099054ab6d8c", size = 1225293, upload-time = "2025-01-06T17:26:25.553Z" },
]
