version = 1
revision = 3
requires-python = ">=3.12"

[[package]]
name = "jlconnor-github-io"
version = "0.2.0"
source = { editable = "." }
dependencies = [
    { name = "mistune" },
    { name = "pygments" },
]

[package.metadata]
requires-dist = [
    { name = "mistune", specifier = ">=3.3.0" },
    { name = "pygments", specifier = ">=2.19.1" },
]

[[package]]
name = "mistune"
version = "3.3.0"
source = { registry = "https://pypi.org/simple" }
sdist = { url = "https://files.pythonhosted.org/packages/84/9c/1939635275ec7258e2b43b00dafabc36d89ad11aa7838d375dc1b0e561cb/mistune-3.3.0.tar.gz", hash = "sha256:3074ec4c61b384abe725128e4dcbb483f5a09cc4632012505cdee655d3a113b9", size = 110936, upload-time = "2026-06-21T13:11:39.458Z" }
wheels = [
    { url = "https://files.pythonhosted.org/packages/b7/76/b90f9d48d43fbd80a79a20d3eab2e5109859c7a56dc663b23187385898f3/mistune-3.3.0-py3-none-any.whl", hash = "sha256:a758e578acda49d8195f9a860b132dae2cf7bf409381393b1c4e6e489a65397b", size = 61250, upload-time = "2026-06-21T13:11:37.938Z" },
]

[[package]]
name = "pygments"
version = "2.20.0"
source = { registry = "https://pypi.org/simple" }
sdist = { url = "https://files.pythonhosted.org/packages/c3/b2/bc9c9196916376152d655522fdcebac55e66de6603a76a02bca1b6414f6c/pygments-2.20.0.tar.gz", hash = "sha256:6757cd03768053ff99f3039c1a36d6c0aa0b263438fcab17520b30a303a82b5f", size = 4955991, upload-time = "2026-03-29T13:29:33.898Z" }
wheels = [
    { url = "https://files.pythonhosted.org/packages/f4/7e/a72dd26f3b0f4f2bf1dd8923c85f7ceb43172af56d63c7383eb62b332364/pygments-2.20.0-py3-none-any.whl", hash = "sha256:81a9e26dd42fd28a23a2d169d86d7ac03b46e2f8b59ed4698fb4785f946d0176", size = 1231151, upload-time = "2026-03-29T13:29:30.038Z" },
]
