version = 1
requires-python = ">=3.12"

[[package]]
name = "jlconnor-github-io"
version = "0.1.0"
source = { editable = "." }
dependencies = [
    { name = "mistune" },
    { name = "pygments" },
]

[package.metadata]
requires-dist = [
    { name = "mistune", specifier = ">=3.1.0" },
    { name = "pygments", specifier = ">=2.19.1" },
]

[[package]]
name = "mistune"
version = "3.1.0"
source = { registry = "https://pypi.org/simple" }
sdist = { url = "https://files.pythonhosted.org/packages/79/6e/96fc7cb3288666c5de2c396eb0e338dc95f7a8e4920e43e38783a22d0084/mistune-3.1.0.tar.gz", hash = "sha256:dbcac2f78292b9dc066cd03b7a3a26b62d85f8159f2ea5fd28e55df79908d667", size = 94401 }
wheels = [
    { url = "https://files.pythonhosted.org/packages/b4/b3/743ffc3f59da380da504d84ccd1faf9a857a1445991ff19bf2ec754163c2/mistune-3.1.0-py3-none-any.whl", hash = "sha256:b05198cf6d671b3deba6c87ec6cf0d4eb7b72c524636eddb6dbf13823b52cee1", size = 53694 },
]

[[package]]
name = "pygments"
version = "2.19.1"
source = { registry = "https://pypi.org/simple" }
sdist = { url = "https://files.pythonhosted.org/packages/7c/2d/c3338d48ea6cc0feb8446d8e6937e1408088a72a39937982cc6111d17f84/pygments-2.19.1.tar.gz", hash = "sha256:61c16d2a8576dc0649d9f39e089b5f02bcd27fba10d8fb4dcc28173f7a45151f", size = 4968581 }
wheels = [
    { url = "https://files.pythonhosted.org/packages/8a/0b/9fcc47d19c48b59121088dd6da2488a49d5f72dacf8262e2790a1d2c7d15/pygments-2.19.1-py3-none-any.whl", hash = "sha256:9ea1544ad55cecf4b8242fab6dd35a93bbce657034b0611ee383099054ab6d8c", size = 1225293 },
]
